{
    "_readme": [
        "This file locks the dependencies of your project to a known state",
        "Read more about it at https://getcomposer.org/doc/01-basic-usage.md#installing-dependencies",
        "This file is @generated automatically"
    ],
    "content-hash": "1f75213af0c659c95498fc4d798c5ae9",
    "packages": [
        {
            "name": "catfan/medoo",
            "version": "v2.1.12",
            "source": {
                "type": "git",
                "url": "https://github.com/catfan/Medoo.git",
                "reference": "d1ff4e0e873a3e032e3d8804031dd6be4e013b22"
            },
            "dist": {
                "type": "zip",
                "url": "https://api.github.com/repos/catfan/Medoo/zipball/d1ff4e0e873a3e032e3d8804031dd6be4e013b22",
                "reference": "d1ff4e0e873a3e032e3d8804031dd6be4e013b22",
                "shasum": ""
            },
            "require": {
                "ext-pdo": "*",
                "php": ">=7.3"
            },
            "require-dev": {
                "phpunit/phpunit": "^9.0"
            },
            "suggest": {
                "ext-pdo_dblib": "For MSSQL or Sybase database on Linux/UNIX platform",
                "ext-pdo_mysql": "For MySQL or MariaDB database",
                "ext-pdo_oci": "For Oracle database",
                "ext-pdo_pqsql": "For PostgreSQL database",
                "ext-pdo_sqlite": "For SQLite database",
                "ext-pdo_sqlsrv": "For MSSQL database on both Window/Liunx platform"
            },
            "type": "framework",
            "autoload": {
                "psr-4": {
                    "Medoo\\": "src/"
                }
            },
            "notification-url": "https://packagist.org/downloads/",
            "license": [
                "MIT"
            ],
            "authors": [
                {
                    "name": "Angel Lai",
                    "email": "angel@medoo.in"
                }
            ],
            "description": "The lightweight PHP database framework to accelerate development",
            "homepage": "https://medoo.in",
            "keywords": [
                "database",
                "database library",
                "lightweight",
                "mariadb",
                "mssql",
                "mysql",
                "oracle",
                "php framework",
                "postgresql",
                "sql",
                "sqlite"
            ],
            "support": {
                "issues": "https://github.com/catfan/Medoo/issues",
                "source": "https://github.com/catfan/Medoo"
            },
            "funding": [
                {
                    "url": "https://paypal.me/AngelaonLai",
                    "type": "custom"
                },
                {
                    "url": "https://opencollective.com/medoo",
                    "type": "open_collective"
                }
            ],
            "time": "2024-02-03T11:28:59+00:00"
        },
        {
            "name": "fig/event-dispatcher-util",
            "version": "1.3.1",
            "source": {
                "type": "git",
                "url": "https://github.com/php-fig/event-dispatcher-util.git",
                "reference": "0ec802e305872e7e27fd7864bdc75bb1ed4f2f23"
            },
            "dist": {
                "type": "zip",
                "url": "https://api.github.com/repos/php-fig/event-dispatcher-util/zipball/0ec802e305872e7e27fd7864bdc75bb1ed4f2f23",
                "reference": "0ec802e305872e7e27fd7864bdc75bb1ed4f2f23",
                "shasum": ""
            },
            "require": {
                "php": ">=7.2",
                "psr/event-dispatcher": "^1.0"
            },
            "require-dev": {
                "phpunit/phpunit": "^8.5"
            },
            "type": "library",
            "autoload": {
                "psr-4": {
                    "Fig\\EventDispatcher\\": "src"
                }
            },
            "notification-url": "https://packagist.org/downloads/",
            "license": [
                "MIT"
            ],
            "authors": [
                {
                    "name": "PHP-FIG",
                    "homepage": "https://www.php-fig.org/"
                },
                {
                    "name": "Larry Garfield",
                    "email": "larry@garfieldtech.com",
                    "homepage": "https://www.garfieldtech.com/",
                    "role": "Developer"
                }
            ],
            "description": "Useful utility classes and traits for implementing the PSR events standard",
            "homepage": "https://github.com/php-fig/event-dispatcher-util",
            "keywords": [
                "events",
                "psr-14"
            ],
            "support": {
                "issues": "https://github.com/php-fig/event-dispatcher-util/issues",
                "source": "https://github.com/php-fig/event-dispatcher-util/tree/1.3.1"
            },
            "time": "2022-03-30T18:25:35+00:00"
        },
        {
            "name": "guzzlehttp/psr7",
            "version": "2.6.2",
            "source": {
                "type": "git",
                "url": "https://github.com/guzzle/psr7.git",
                "reference": "45b30f99ac27b5ca93cb4831afe16285f57b8221"
            },
            "dist": {
                "type": "zip",
                "url": "https://api.github.com/repos/guzzle/psr7/zipball/45b30f99ac27b5ca93cb4831afe16285f57b8221",
                "reference": "45b30f99ac27b5ca93cb4831afe16285f57b8221",
                "shasum": ""
            },
            "require": {
                "php": "^7.2.5 || ^8.0",
                "psr/http-factory": "^1.0",
                "psr/http-message": "^1.1 || ^2.0",
                "ralouphie/getallheaders": "^3.0"
            },
            "provide": {
                "psr/http-factory-implementation": "1.0",
                "psr/http-message-implementation": "1.0"
            },
            "require-dev": {
                "bamarni/composer-bin-plugin": "^1.8.2",
                "http-interop/http-factory-tests": "^0.9",
                "phpunit/phpunit": "^8.5.36 || ^9.6.15"
            },
            "suggest": {
                "laminas/laminas-httphandlerrunner": "Emit PSR-7 responses"
            },
            "type": "library",
            "extra": {
                "bamarni-bin": {
                    "bin-links": true,
                    "forward-command": false
                }
            },
            "autoload": {
                "psr-4": {
                    "GuzzleHttp\\Psr7\\": "src/"
                }
            },
            "notification-url": "https://packagist.org/downloads/",
            "license": [
                "MIT"
            ],
            "authors": [
                {
                    "name": "Graham Campbell",
                    "email": "hello@gjcampbell.co.uk",
                    "homepage": "https://github.com/GrahamCampbell"
                },
                {
                    "name": "Michael Dowling",
                    "email": "mtdowling@gmail.com",
                    "homepage": "https://github.com/mtdowling"
                },
                {
                    "name": "George Mponos",
                    "email": "gmponos@gmail.com",
                    "homepage": "https://github.com/gmponos"
                },
                {
                    "name": "Tobias Nyholm",
                    "email": "tobias.nyholm@gmail.com",
                    "homepage": "https://github.com/Nyholm"
                },
                {
                    "name": "Márk Sági-Kazár",
                    "email": "mark.sagikazar@gmail.com",
                    "homepage": "https://github.com/sagikazarmark"
                },
                {
                    "name": "Tobias Schultze",
                    "email": "webmaster@tubo-world.de",
                    "homepage": "https://github.com/Tobion"
                },
                {
                    "name": "Márk Sági-Kazár",
                    "email": "mark.sagikazar@gmail.com",
                    "homepage": "https://sagikazarmark.hu"
                }
            ],
            "description": "PSR-7 message implementation that also provides common utility methods",
            "keywords": [
                "http",
                "message",
                "psr-7",
                "request",
                "response",
                "stream",
                "uri",
                "url"
            ],
            "support": {
                "issues": "https://github.com/guzzle/psr7/issues",
                "source": "https://github.com/guzzle/psr7/tree/2.6.2"
            },
            "funding": [
                {
                    "url": "https://github.com/GrahamCampbell",
                    "type": "github"
                },
                {
                    "url": "https://github.com/Nyholm",
                    "type": "github"
                },
                {
                    "url": "https://tidelift.com/funding/github/packagist/guzzlehttp/psr7",
                    "type": "tidelift"
                }
            ],
            "time": "2023-12-03T20:05:35+00:00"
        },
        {
            "name": "phpomg/database",
            "version": "dev-main",
            "source": {
                "type": "git",
                "url": "https://github.com/phpomg/database.git",
                "reference": "f7efab5e25e6e7bc8dceed87d5174c0810d1046f"
            },
            "dist": {
                "type": "zip",
                "url": "https://api.github.com/repos/phpomg/database/zipball/f7efab5e25e6e7bc8dceed87d5174c0810d1046f",
                "reference": "f7efab5e25e6e7bc8dceed87d5174c0810d1046f",
                "shasum": ""
            },
            "require": {
                "catfan/medoo": "^2.1"
            },
            "default-branch": true,
            "type": "library",
            "autoload": {
                "psr-4": {
                    "PHPOMG\\Database\\": "src/"
                }
            },
            "notification-url": "https://packagist.org/downloads/",
            "license": [
                "MIT"
            ],
            "description": "database",
            "support": {
                "issues": "https://github.com/phpomg/database/issues",
                "source": "https://github.com/phpomg/database/tree/main"
            },
            "time": "2024-06-17T01:43:06+00:00"
        },
        {
            "name": "phpomg/emitter",
            "version": "dev-main",
            "source": {
                "type": "git",
                "url": "https://github.com/phpomg/emitter.git",
                "reference": "dc92a9a46214d7c1b3c94c8148350b4e72c04814"
            },
            "dist": {
                "type": "zip",
                "url": "https://api.github.com/repos/phpomg/emitter/zipball/dc92a9a46214d7c1b3c94c8148350b4e72c04814",
                "reference": "dc92a9a46214d7c1b3c94c8148350b4e72c04814",
                "shasum": ""
            },
            "require": {
                "psr/http-message": "^2.0"
            },
            "default-branch": true,
            "type": "library",
            "autoload": {
                "psr-4": {
                    "PHPOMG\\Emitter\\": "src/"
                }
            },
            "notification-url": "https://packagist.org/downloads/",
            "license": [
                "MIT"
            ],
            "description": "一个response的发射器",
            "support": {
                "issues": "https://github.com/phpomg/emitter/issues",
                "source": "https://github.com/phpomg/emitter/tree/main"
            },
            "time": "2024-05-30T06:01:03+00:00"
        },
        {
            "name": "phpomg/form",
            "version": "dev-main",
            "source": {
                "type": "git",
                "url": "https://github.com/phpomg/form.git",
                "reference": "5643dbfd065d69c8faf924b5b28658c0438c88b7"
            },
            "dist": {
                "type": "zip",
                "url": "https://api.github.com/repos/phpomg/form/zipball/5643dbfd065d69c8faf924b5b28658c0438c88b7",
                "reference": "5643dbfd065d69c8faf924b5b28658c0438c88b7",
                "shasum": ""
            },
            "default-branch": true,
            "type": "library",
            "autoload": {
                "psr-4": {
                    "PHPOMG\\Form\\": "src/"
                }
            },
            "notification-url": "https://packagist.org/downloads/",
            "license": [
                "GPL-3.0"
            ],
            "description": "表单生成器",
            "support": {
                "issues": "https://github.com/phpomg/form/issues",
                "source": "https://github.com/phpomg/form/tree/main"
            },
            "time": "2024-05-30T06:01:26+00:00"
        },
        {
            "name": "phpomg/pagination",
            "version": "dev-main",
            "source": {
                "type": "git",
                "url": "https://github.com/phpomg/pagination.git",
                "reference": "24687d55c1c926fc04a0df5da983ac8e220fe6c5"
            },
            "dist": {
                "type": "zip",
                "url": "https://api.github.com/repos/phpomg/pagination/zipball/24687d55c1c926fc04a0df5da983ac8e220fe6c5",
                "reference": "24687d55c1c926fc04a0df5da983ac8e220fe6c5",
                "shasum": ""
            },
            "default-branch": true,
            "type": "library",
            "autoload": {
                "psr-4": {
                    "PHPOMG\\Pagination\\": "src/"
                }
            },
            "notification-url": "https://packagist.org/downloads/",
            "license": [
                "MIT"
            ],
            "description": "pagination",
            "support": {
                "issues": "https://github.com/phpomg/pagination/issues",
                "source": "https://github.com/phpomg/pagination/tree/main"
            },
            "time": "2024-05-30T07:29:35+00:00"
        },
        {
            "name": "phpomg/psr11",
            "version": "dev-main",
            "source": {
                "type": "git",
                "url": "https://github.com/phpomg/psr11.git",
                "reference": "8831c048a03e985549a1b64b2cc61a65d4b9d699"
            },
            "dist": {
                "type": "zip",
                "url": "https://api.github.com/repos/phpomg/psr11/zipball/8831c048a03e985549a1b64b2cc61a65d4b9d699",
                "reference": "8831c048a03e985549a1b64b2cc61a65d4b9d699",
                "shasum": ""
            },
            "require": {
                "psr/container": "^2.0"
            },
            "default-branch": true,
            "type": "library",
            "autoload": {
                "psr-4": {
                    "PHPOMG\\Psr11\\": "src/"
                }
            },
            "notification-url": "https://packagist.org/downloads/",
            "license": [
                "MIT"
            ],
            "description": "php psr11",
            "support": {
                "issues": "https://github.com/phpomg/psr11/issues",
                "source": "https://github.com/phpomg/psr11/tree/main"
            },
            "time": "2024-06-17T02:02:08+00:00"
        },
        {
            "name": "phpomg/psr14",
            "version": "dev-main",
            "source": {
                "type": "git",
                "url": "https://github.com/phpomg/psr14.git",
                "reference": "5ac2ff3b860a0f9b52dd148926790d006d0f9a2c"
            },
            "dist": {
                "type": "zip",
                "url": "https://api.github.com/repos/phpomg/psr14/zipball/5ac2ff3b860a0f9b52dd148926790d006d0f9a2c",
                "reference": "5ac2ff3b860a0f9b52dd148926790d006d0f9a2c",
                "shasum": ""
            },
            "require": {
                "fig/event-dispatcher-util": "^1.3",
                "psr/event-dispatcher": "^1.0"
            },
            "default-branch": true,
            "type": "library",
            "autoload": {
                "psr-4": {
                    "PHPOMG\\Psr14\\": "src/"
                }
            },
            "notification-url": "https://packagist.org/downloads/",
            "license": [
                "MIT"
            ],
            "description": "php psr14",
            "support": {
                "issues": "https://github.com/phpomg/psr14/issues",
                "source": "https://github.com/phpomg/psr14/tree/main"
            },
            "time": "2024-05-29T09:11:35+00:00"
        },
        {
            "name": "phpomg/psr15",
            "version": "dev-main",
            "source": {
                "type": "git",
                "url": "https://github.com/phpomg/psr15.git",
                "reference": "7c999c7203672da67bcbf0b5cf4f8f842f29e6cb"
            },
            "dist": {
                "type": "zip",
                "url": "https://api.github.com/repos/phpomg/psr15/zipball/7c999c7203672da67bcbf0b5cf4f8f842f29e6cb",
                "reference": "7c999c7203672da67bcbf0b5cf4f8f842f29e6cb",
                "shasum": ""
            },
            "require": {
                "psr/http-server-handler": "^1.0",
                "psr/http-server-middleware": "^1.0"
            },
            "default-branch": true,
            "type": "library",
            "autoload": {
                "psr-4": {
                    "PHPOMG\\Psr15\\": "src/"
                }
            },
            "notification-url": "https://packagist.org/downloads/",
            "license": [
                "MIT"
            ],
            "support": {
                "issues": "https://github.com/phpomg/psr15/issues",
                "source": "https://github.com/phpomg/psr15/tree/main"
            },
            "time": "2024-05-29T09:28:23+00:00"
        },
        {
            "name": "phpomg/psr16",
            "version": "dev-main",
            "source": {
                "type": "git",
                "url": "https://github.com/phpomg/psr16.git",
                "reference": "aaeeb10d409f7908a3270791b488d35ae69bb1c1"
            },
            "dist": {
                "type": "zip",
                "url": "https://api.github.com/repos/phpomg/psr16/zipball/aaeeb10d409f7908a3270791b488d35ae69bb1c1",
                "reference": "aaeeb10d409f7908a3270791b488d35ae69bb1c1",
                "shasum": ""
            },
            "require": {
                "psr/simple-cache": "^3.0"
            },
            "default-branch": true,
            "type": "library",
            "autoload": {
                "psr-4": {
                    "PHPOMG\\Psr16\\": "src/"
                }
            },
            "notification-url": "https://packagist.org/downloads/",
            "license": [
                "MIT"
            ],
            "description": "psr16的基本实现",
            "support": {
                "issues": "https://github.com/phpomg/psr16/issues",
                "source": "https://github.com/phpomg/psr16/tree/main"
            },
            "time": "2024-05-29T09:28:31+00:00"
        },
        {
            "name": "phpomg/psr17",
            "version": "dev-main",
            "source": {
                "type": "git",
                "url": "https://github.com/phpomg/psr17.git",
                "reference": "d1236aa9c0f2f419d7587c0b4a99e61457f49289"
            },
            "dist": {
                "type": "zip",
                "url": "https://api.github.com/repos/phpomg/psr17/zipball/d1236aa9c0f2f419d7587c0b4a99e61457f49289",
                "reference": "d1236aa9c0f2f419d7587c0b4a99e61457f49289",
                "shasum": ""
            },
            "require": {
                "guzzlehttp/psr7": "^2.6",
                "psr/http-factory": "^1.1",
                "psr/http-message": "^2.0"
            },
            "default-branch": true,
            "type": "library",
            "autoload": {
                "psr-4": {
                    "PHPOMG\\Psr17\\": "src/"
                }
            },
            "notification-url": "https://packagist.org/downloads/",
            "license": [
                "GPL-3.0"
            ],
            "description": "psr17",
            "support": {
                "issues": "https://github.com/phpomg/psr17/issues",
                "source": "https://github.com/phpomg/psr17/tree/main"
            },
            "time": "2024-05-29T09:17:20+00:00"
        },
        {
            "name": "phpomg/psr3",
            "version": "dev-main",
            "source": {
                "type": "git",
                "url": "https://github.com/phpomg/psr3.git",
                "reference": "e61f8365678b1d9f153b2e3dadb231ee66853901"
            },
            "dist": {
                "type": "zip",
                "url": "https://api.github.com/repos/phpomg/psr3/zipball/e61f8365678b1d9f153b2e3dadb231ee66853901",
                "reference": "e61f8365678b1d9f153b2e3dadb231ee66853901",
                "shasum": ""
            },
            "require": {
                "psr/log": "^3.0"
            },
            "default-branch": true,
            "type": "library",
            "autoload": {
                "psr-4": {
                    "PHPOMG\\Psr3\\": "src/"
                }
            },
            "notification-url": "https://packagist.org/downloads/",
            "license": [
                "MIT"
            ],
            "description": "psr3 logger实现~",
            "support": {
                "issues": "https://github.com/phpomg/psr3/issues",
                "source": "https://github.com/phpomg/psr3/tree/main"
            },
            "time": "2024-05-29T09:14:31+00:00"
        },
        {
            "name": "phpomg/request",
            "version": "dev-main",
            "source": {
                "type": "git",
                "url": "https://github.com/phpomg/request.git",
                "reference": "b99ad42f405a5c62442743eb6a192ef5b8e9fa96"
            },
            "dist": {
                "type": "zip",
                "url": "https://api.github.com/repos/phpomg/request/zipball/b99ad42f405a5c62442743eb6a192ef5b8e9fa96",
                "reference": "b99ad42f405a5c62442743eb6a192ef5b8e9fa96",
                "shasum": ""
            },
            "require": {
                "psr/http-message": "^2.0"
            },
            "default-branch": true,
            "type": "library",
            "autoload": {
                "psr-4": {
                    "PHPOMG\\Request\\": "src/"
                }
            },
            "notification-url": "https://packagist.org/downloads/",
            "license": [
                "MIT"
            ],
            "description": "php request",
            "support": {
                "issues": "https://github.com/phpomg/request/issues",
                "source": "https://github.com/phpomg/request/tree/main"
            },
            "time": "2024-05-30T06:01:15+00:00"
        },
        {
            "name": "phpomg/router",
            "version": "dev-main",
            "source": {
                "type": "git",
                "url": "https://github.com/phpomg/router.git",
                "reference": "d2a1676214001043217fc18e8e96b877bd26a041"
            },
            "dist": {
                "type": "zip",
                "url": "https://api.github.com/repos/phpomg/router/zipball/d2a1676214001043217fc18e8e96b877bd26a041",
                "reference": "d2a1676214001043217fc18e8e96b877bd26a041",
                "shasum": ""
            },
            "default-branch": true,
            "type": "library",
            "autoload": {
                "psr-4": {
                    "PHPOMG\\Router\\": "src/"
                }
            },
            "notification-url": "https://packagist.org/downloads/",
            "license": [
                "GPL-3.0"
            ],
            "description": "router",
            "support": {
                "issues": "https://github.com/phpomg/router/issues",
                "source": "https://github.com/phpomg/router/tree/main"
            },
            "time": "2024-05-30T06:01:37+00:00"
        },
        {
            "name": "phpomg/session",
            "version": "dev-main",
            "source": {
                "type": "git",
                "url": "https://github.com/phpomg/session.git",
                "reference": "cad24d10f56189e14b4fbf2392e183e2f47da14c"
            },
            "dist": {
                "type": "zip",
                "url": "https://api.github.com/repos/phpomg/session/zipball/cad24d10f56189e14b4fbf2392e183e2f47da14c",
                "reference": "cad24d10f56189e14b4fbf2392e183e2f47da14c",
                "shasum": ""
            },
            "default-branch": true,
            "type": "library",
            "autoload": {
                "psr-4": {
                    "PHPOMG\\Session\\": "src/"
                }
            },
            "notification-url": "https://packagist.org/downloads/",
            "license": [
                "MIT"
            ],
            "description": "php session",
            "support": {
                "issues": "https://github.com/phpomg/session/issues",
                "source": "https://github.com/phpomg/session/tree/main"
            },
            "time": "2024-05-30T06:01:43+00:00"
        },
        {
            "name": "phpomg/template",
            "version": "dev-main",
            "source": {
                "type": "git",
                "url": "https://github.com/phpomg/template.git",
                "reference": "19711912a4dadb21595e540ddcb77a509b061277"
            },
            "dist": {
                "type": "zip",
                "url": "https://api.github.com/repos/phpomg/template/zipball/19711912a4dadb21595e540ddcb77a509b061277",
                "reference": "19711912a4dadb21595e540ddcb77a509b061277",
                "shasum": ""
            },
            "require": {
                "psr/simple-cache": "^3.0"
            },
            "default-branch": true,
            "type": "library",
            "autoload": {
                "psr-4": {
                    "PHPOMG\\Template\\": "src/"
                }
            },
            "notification-url": "https://packagist.org/downloads/",
            "license": [
                "GPL-3.0"
            ],
            "description": "php template engine!",
            "support": {
                "issues": "https://github.com/phpomg/template/issues",
                "source": "https://github.com/phpomg/template/tree/main"
            },
            "time": "2024-05-30T06:01:50+00:00"
        },
        {
            "name": "psr/container",
            "version": "2.0.2",
            "source": {
                "type": "git",
                "url": "https://github.com/php-fig/container.git",
                "reference": "c71ecc56dfe541dbd90c5360474fbc405f8d5963"
            },
            "dist": {
                "type": "zip",
                "url": "https://api.github.com/repos/php-fig/container/zipball/c71ecc56dfe541dbd90c5360474fbc405f8d5963",
                "reference": "c71ecc56dfe541dbd90c5360474fbc405f8d5963",
                "shasum": ""
            },
            "require": {
                "php": ">=7.4.0"
            },
            "type": "library",
            "extra": {
                "branch-alias": {
                    "dev-master": "2.0.x-dev"
                }
            },
            "autoload": {
                "psr-4": {
                    "Psr\\Container\\": "src/"
                }
            },
            "notification-url": "https://packagist.org/downloads/",
            "license": [
                "MIT"
            ],
            "authors": [
                {
                    "name": "PHP-FIG",
                    "homepage": "https://www.php-fig.org/"
                }
            ],
            "description": "Common Container Interface (PHP FIG PSR-11)",
            "homepage": "https://github.com/php-fig/container",
            "keywords": [
                "PSR-11",
                "container",
                "container-interface",
                "container-interop",
                "psr"
            ],
            "support": {
                "issues": "https://github.com/php-fig/container/issues",
                "source": "https://github.com/php-fig/container/tree/2.0.2"
            },
            "time": "2021-11-05T16:47:00+00:00"
        },
        {
            "name": "psr/event-dispatcher",
            "version": "1.0.0",
            "source": {
                "type": "git",
                "url": "https://github.com/php-fig/event-dispatcher.git",
                "reference": "dbefd12671e8a14ec7f180cab83036ed26714bb0"
            },
            "dist": {
                "type": "zip",
                "url": "https://api.github.com/repos/php-fig/event-dispatcher/zipball/dbefd12671e8a14ec7f180cab83036ed26714bb0",
                "reference": "dbefd12671e8a14ec7f180cab83036ed26714bb0",
                "shasum": ""
            },
            "require": {
                "php": ">=7.2.0"
            },
            "type": "library",
            "extra": {
                "branch-alias": {
                    "dev-master": "1.0.x-dev"
                }
            },
            "autoload": {
                "psr-4": {
                    "Psr\\EventDispatcher\\": "src/"
                }
            },
            "notification-url": "https://packagist.org/downloads/",
            "license": [
                "MIT"
            ],
            "authors": [
                {
                    "name": "PHP-FIG",
                    "homepage": "http://www.php-fig.org/"
                }
            ],
            "description": "Standard interfaces for event handling.",
            "keywords": [
                "events",
                "psr",
                "psr-14"
            ],
            "support": {
                "issues": "https://github.com/php-fig/event-dispatcher/issues",
                "source": "https://github.com/php-fig/event-dispatcher/tree/1.0.0"
            },
            "time": "2019-01-08T18:20:26+00:00"
        },
        {
            "name": "psr/http-factory",
            "version": "1.1.0",
            "source": {
                "type": "git",
                "url": "https://github.com/php-fig/http-factory.git",
                "reference": "2b4765fddfe3b508ac62f829e852b1501d3f6e8a"
            },
            "dist": {
                "type": "zip",
                "url": "https://api.github.com/repos/php-fig/http-factory/zipball/2b4765fddfe3b508ac62f829e852b1501d3f6e8a",
                "reference": "2b4765fddfe3b508ac62f829e852b1501d3f6e8a",
                "shasum": ""
            },
            "require": {
                "php": ">=7.1",
                "psr/http-message": "^1.0 || ^2.0"
            },
            "type": "library",
            "extra": {
                "branch-alias": {
                    "dev-master": "1.0.x-dev"
                }
            },
            "autoload": {
                "psr-4": {
                    "Psr\\Http\\Message\\": "src/"
                }
            },
            "notification-url": "https://packagist.org/downloads/",
            "license": [
                "MIT"
            ],
            "authors": [
                {
                    "name": "PHP-FIG",
                    "homepage": "https://www.php-fig.org/"
                }
            ],
            "description": "PSR-17: Common interfaces for PSR-7 HTTP message factories",
            "keywords": [
                "factory",
                "http",
                "message",
                "psr",
                "psr-17",
                "psr-7",
                "request",
                "response"
            ],
            "support": {
                "source": "https://github.com/php-fig/http-factory"
            },
            "time": "2024-04-15T12:06:14+00:00"
        },
        {
            "name": "psr/http-message",
            "version": "2.0",
            "source": {
                "type": "git",
                "url": "https://github.com/php-fig/http-message.git",
                "reference": "402d35bcb92c70c026d1a6a9883f06b2ead23d71"
            },
            "dist": {
                "type": "zip",
                "url": "https://api.github.com/repos/php-fig/http-message/zipball/402d35bcb92c70c026d1a6a9883f06b2ead23d71",
                "reference": "402d35bcb92c70c026d1a6a9883f06b2ead23d71",
                "shasum": ""
            },
            "require": {
                "php": "^7.2 || ^8.0"
            },
            "type": "library",
            "extra": {
                "branch-alias": {
                    "dev-master": "2.0.x-dev"
                }
            },
            "autoload": {
                "psr-4": {
                    "Psr\\Http\\Message\\": "src/"
                }
            },
            "notification-url": "https://packagist.org/downloads/",
            "license": [
                "MIT"
            ],
            "authors": [
                {
                    "name": "PHP-FIG",
                    "homepage": "https://www.php-fig.org/"
                }
            ],
            "description": "Common interface for HTTP messages",
            "homepage": "https://github.com/php-fig/http-message",
            "keywords": [
                "http",
                "http-message",
                "psr",
                "psr-7",
                "request",
                "response"
            ],
            "support": {
                "source": "https://github.com/php-fig/http-message/tree/2.0"
            },
            "time": "2023-04-04T09:54:51+00:00"
        },
        {
            "name": "psr/http-server-handler",
            "version": "1.0.2",
            "source": {
                "type": "git",
                "url": "https://github.com/php-fig/http-server-handler.git",
                "reference": "84c4fb66179be4caaf8e97bd239203245302e7d4"
            },
            "dist": {
                "type": "zip",
                "url": "https://api.github.com/repos/php-fig/http-server-handler/zipball/84c4fb66179be4caaf8e97bd239203245302e7d4",
                "reference": "84c4fb66179be4caaf8e97bd239203245302e7d4",
                "shasum": ""
            },
            "require": {
                "php": ">=7.0",
                "psr/http-message": "^1.0 || ^2.0"
            },
            "type": "library",
            "extra": {
                "branch-alias": {
                    "dev-master": "1.0.x-dev"
                }
            },
            "autoload": {
                "psr-4": {
                    "Psr\\Http\\Server\\": "src/"
                }
            },
            "notification-url": "https://packagist.org/downloads/",
            "license": [
                "MIT"
            ],
            "authors": [
                {
                    "name": "PHP-FIG",
                    "homepage": "https://www.php-fig.org/"
                }
            ],
            "description": "Common interface for HTTP server-side request handler",
            "keywords": [
                "handler",
                "http",
                "http-interop",
                "psr",
                "psr-15",
                "psr-7",
                "request",
                "response",
                "server"
            ],
            "support": {
                "source": "https://github.com/php-fig/http-server-handler/tree/1.0.2"
            },
            "time": "2023-04-10T20:06:20+00:00"
        },
        {
            "name": "psr/http-server-middleware",
            "version": "1.0.2",
            "source": {
                "type": "git",
                "url": "https://github.com/php-fig/http-server-middleware.git",
                "reference": "c1481f747daaa6a0782775cd6a8c26a1bf4a3829"
            },
            "dist": {
                "type": "zip",
                "url": "https://api.github.com/repos/php-fig/http-server-middleware/zipball/c1481f747daaa6a0782775cd6a8c26a1bf4a3829",
                "reference": "c1481f747daaa6a0782775cd6a8c26a1bf4a3829",
                "shasum": ""
            },
            "require": {
                "php": ">=7.0",
                "psr/http-message": "^1.0 || ^2.0",
                "psr/http-server-handler": "^1.0"
            },
            "type": "library",
            "extra": {
                "branch-alias": {
                    "dev-master": "1.0.x-dev"
                }
            },
            "autoload": {
                "psr-4": {
                    "Psr\\Http\\Server\\": "src/"
                }
            },
            "notification-url": "https://packagist.org/downloads/",
            "license": [
                "MIT"
            ],
            "authors": [
                {
                    "name": "PHP-FIG",
                    "homepage": "https://www.php-fig.org/"
                }
            ],
            "description": "Common interface for HTTP server-side middleware",
            "keywords": [
                "http",
                "http-interop",
                "middleware",
                "psr",
                "psr-15",
                "psr-7",
                "request",
                "response"
            ],
            "support": {
                "issues": "https://github.com/php-fig/http-server-middleware/issues",
                "source": "https://github.com/php-fig/http-server-middleware/tree/1.0.2"
            },
            "time": "2023-04-11T06:14:47+00:00"
        },
        {
            "name": "psr/log",
            "version": "3.0.0",
            "source": {
                "type": "git",
                "url": "https://github.com/php-fig/log.git",
                "reference": "fe5ea303b0887d5caefd3d431c3e61ad47037001"
            },
            "dist": {
                "type": "zip",
                "url": "https://api.github.com/repos/php-fig/log/zipball/fe5ea303b0887d5caefd3d431c3e61ad47037001",
                "reference": "fe5ea303b0887d5caefd3d431c3e61ad47037001",
                "shasum": ""
            },
            "require": {
                "php": ">=8.0.0"
            },
            "type": "library",
            "extra": {
                "branch-alias": {
                    "dev-master": "3.x-dev"
                }
            },
            "autoload": {
                "psr-4": {
                    "Psr\\Log\\": "src"
                }
            },
            "notification-url": "https://packagist.org/downloads/",
            "license": [
                "MIT"
            ],
            "authors": [
                {
                    "name": "PHP-FIG",
                    "homepage": "https://www.php-fig.org/"
                }
            ],
            "description": "Common interface for logging libraries",
            "homepage": "https://github.com/php-fig/log",
            "keywords": [
                "log",
                "psr",
                "psr-3"
            ],
            "support": {
                "source": "https://github.com/php-fig/log/tree/3.0.0"
            },
            "time": "2021-07-14T16:46:02+00:00"
        },
        {
            "name": "psr/simple-cache",
            "version": "3.0.0",
            "source": {
                "type": "git",
                "url": "https://github.com/php-fig/simple-cache.git",
                "reference": "764e0b3939f5ca87cb904f570ef9be2d78a07865"
            },
            "dist": {
                "type": "zip",
                "url": "https://api.github.com/repos/php-fig/simple-cache/zipball/764e0b3939f5ca87cb904f570ef9be2d78a07865",
                "reference": "764e0b3939f5ca87cb904f570ef9be2d78a07865",
                "shasum": ""
            },
            "require": {
                "php": ">=8.0.0"
            },
            "type": "library",
            "extra": {
                "branch-alias": {
                    "dev-master": "3.0.x-dev"
                }
            },
            "autoload": {
                "psr-4": {
                    "Psr\\SimpleCache\\": "src/"
                }
            },
            "notification-url": "https://packagist.org/downloads/",
            "license": [
                "MIT"
            ],
            "authors": [
                {
                    "name": "PHP-FIG",
                    "homepage": "https://www.php-fig.org/"
                }
            ],
            "description": "Common interfaces for simple caching",
            "keywords": [
                "cache",
                "caching",
                "psr",
                "psr-16",
                "simple-cache"
            ],
            "support": {
                "source": "https://github.com/php-fig/simple-cache/tree/3.0.0"
            },
            "time": "2021-10-29T13:26:27+00:00"
        },
        {
            "name": "ralouphie/getallheaders",
            "version": "3.0.3",
            "source": {
                "type": "git",
                "url": "https://github.com/ralouphie/getallheaders.git",
                "reference": "120b605dfeb996808c31b6477290a714d356e822"
            },
            "dist": {
                "type": "zip",
                "url": "https://api.github.com/repos/ralouphie/getallheaders/zipball/120b605dfeb996808c31b6477290a714d356e822",
                "reference": "120b605dfeb996808c31b6477290a714d356e822",
                "shasum": ""
            },
            "require": {
                "php": ">=5.6"
            },
            "require-dev": {
                "php-coveralls/php-coveralls": "^2.1",
                "phpunit/phpunit": "^5 || ^6.5"
            },
            "type": "library",
            "autoload": {
                "files": [
                    "src/getallheaders.php"
                ]
            },
            "notification-url": "https://packagist.org/downloads/",
            "license": [
                "MIT"
            ],
            "authors": [
                {
                    "name": "Ralph Khattar",
                    "email": "ralph.khattar@gmail.com"
                }
            ],
            "description": "A polyfill for getallheaders.",
            "support": {
                "issues": "https://github.com/ralouphie/getallheaders/issues",
                "source": "https://github.com/ralouphie/getallheaders/tree/develop"
            },
            "time": "2019-03-08T08:55:37+00:00"
        }
    ],
    "packages-dev": [],
    "aliases": [],
    "minimum-stability": "stable",
    "stability-flags": {
        "phpomg/psr3": 20,
        "phpomg/psr11": 20,
        "phpomg/psr14": 20,
        "phpomg/psr15": 20,
        "phpomg/psr16": 20,
        "phpomg/psr17": 20,
        "phpomg/router": 20,
        "phpomg/emitter": 20,
        "phpomg/database": 20,
        "phpomg/template": 20,
        "phpomg/session": 20,
        "phpomg/request": 20,
        "phpomg/form": 20,
        "phpomg/pagination": 20
    },
    "prefer-stable": false,
    "prefer-lowest": false,
    "platform": [],
    "platform-dev": [],
    "plugin-api-version": "2.3.0"
}
